
Microsoft Visual Studio Solution File, Format Version 12.00
# Visual Studio 2015
Project("{FAE04EC0-301F-11D3-BF4B-00C04F79EFBC}") = "MeshConcaveHull.CSharp", "MeshConcaveHull.CSharp.csproj", "{B07FD0E8-2923-050A-9687-A0608C105BA0}"
EndProject
Project("{FAE04EC0-301F-11D3-BF4B-00C04F79EFBC}") = "MeshConcaveHull.CSharp.Editor", "MeshConcaveHull.CSharp.Editor.csproj", "{0A9BA90A-28B5-1EC1-37A6-B4DF108C0836}"
EndProject
Global
	GlobalSection(SolutionConfigurationPlatforms) = preSolution
		Debug|Any CPU = Debug|Any CPU
		Release|Any CPU = Release|Any CPU
	EndGlobalSection
	GlobalSection(ProjectConfigurationPlatforms) = postSolution
		{B07FD0E8-2923-050A-9687-A0608C105BA0}.Debug|Any CPU.ActiveCfg = Debug|Any CPU
		{B07FD0E8-2923-050A-9687-A0608C105BA0}.Debug|Any CPU.Build.0 = Debug|Any CPU
		{B07FD0E8-2923-050A-9687-A0608C105BA0}.Release|Any CPU.ActiveCfg = Release|Any CPU
		{B07FD0E8-2923-050A-9687-A0608C105BA0}.Release|Any CPU.Build.0 = Release|Any CPU
		{0A9BA90A-28B5-1EC1-37A6-B4DF108C0836}.Debug|Any CPU.ActiveCfg = Debug|Any CPU
		{0A9BA90A-28B5-1EC1-37A6-B4DF108C0836}.Debug|Any CPU.Build.0 = Debug|Any CPU
		{0A9BA90A-28B5-1EC1-37A6-B4DF108C0836}.Release|Any CPU.ActiveCfg = Release|Any CPU
		{0A9BA90A-28B5-1EC1-37A6-B4DF108C0836}.Release|Any CPU.Build.0 = Release|Any CPU
	EndGlobalSection
	GlobalSection(SolutionProperties) = preSolution
		HideSolutionNode = FALSE
	EndGlobalSection
EndGlobal
